
Microsoft Visual Studio Solution File, Format Version 12.00
# Visual Studio 15
VisualStudioVersion = 15.0.28010.2026
MinimumVisualStudioVersion = 10.0.40219.1
Project("{FAE04EC0-301F-11D3-BF4B-00C04F79EFBC}") = "EntityFrameworkSchema.Data", "EntityFrameworkSchema.Data\EntityFrameworkSchema.Data.csproj", "{1A00586A-AE23-465E-9B26-FD0D9250BA27}"
EndProject
Global
	GlobalSection(SolutionConfigurationPlatforms) = preSolution
		Debug|Any CPU = Debug|Any CPU
		Release|Any CPU = Release|Any CPU
	EndGlobalSection
	GlobalSection(ProjectConfigurationPlatforms) = postSolution
		{1A00586A-AE23-465E-9B26-FD0D9250BA27}.Debug|Any CPU.ActiveCfg = Debug|Any CPU
		{1A00586A-AE23-465E-9B26-FD0D9250BA27}.Debug|Any CPU.Build.0 = Debug|Any CPU
		{1A00586A-AE23-465E-9B26-FD0D9250BA27}.Release|Any CPU.ActiveCfg = Release|Any CPU
		{1A00586A-AE23-465E-9B26-FD0D9250BA27}.Release|Any CPU.Build.0 = Release|Any CPU
	EndGlobalSection
	GlobalSection(SolutionProperties) = preSolution
		HideSolutionNode = FALSE
	EndGlobalSection
	GlobalSection(ExtensibilityGlobals) = postSolution
		SolutionGuid = {C5647C08-31D5-4CC4-AA1E-77493096D5DD}
	EndGlobalSection
EndGlobal
